
Microsoft Visual Studio Solution File, Format Version 12.00
Project("{FAE04EC0-301F-11D3-BF4B-00C04F79EFBC}") = "CC1101.NET", "CC1101.NET\CC1101.NET.csproj", "{87AB7DD3-4BA2-4D1A-A5CA-D4C8B7E3AFBC}"
EndProject
Project("{FAE04EC0-301F-11D3-BF4B-00C04F79EFBC}") = "SesamNeat.Blazor", "SesamNeat.Blazor\SesamNeat.Blazor.csproj", "{C19633CC-7AA3-4FBD-9452-D4CB8CA5F5C1}"
EndProject
Project("{FAE04EC0-301F-11D3-BF4B-00C04F79EFBC}") = "RTLSDRWaterfall.Blazor", "RTLSDRWaterfall.Blazor\RTLSDRWaterfall.Blazor.csproj", "{D03BEF6A-616E-4C6B-9FC6-11A26E340DD4}"
EndProject
Global
	GlobalSection(SolutionConfigurationPlatforms) = preSolution
		Debug|Any CPU = Debug|Any CPU
		Release|Any CPU = Release|Any CPU
	EndGlobalSection
	GlobalSection(ProjectConfigurationPlatforms) = postSolution
		{87AB7DD3-4BA2-4D1A-A5CA-D4C8B7E3AFBC}.Debug|Any CPU.ActiveCfg = Debug|Any CPU
		{87AB7DD3-4BA2-4D1A-A5CA-D4C8B7E3AFBC}.Debug|Any CPU.Build.0 = Debug|Any CPU
		{87AB7DD3-4BA2-4D1A-A5CA-D4C8B7E3AFBC}.Release|Any CPU.ActiveCfg = Release|Any CPU
		{87AB7DD3-4BA2-4D1A-A5CA-D4C8B7E3AFBC}.Release|Any CPU.Build.0 = Release|Any CPU
		{C19633CC-7AA3-4FBD-9452-D4CB8CA5F5C1}.Debug|Any CPU.ActiveCfg = Debug|Any CPU
		{C19633CC-7AA3-4FBD-9452-D4CB8CA5F5C1}.Debug|Any CPU.Build.0 = Debug|Any CPU
		{C19633CC-7AA3-4FBD-9452-D4CB8CA5F5C1}.Release|Any CPU.ActiveCfg = Release|Any CPU
		{C19633CC-7AA3-4FBD-9452-D4CB8CA5F5C1}.Release|Any CPU.Build.0 = Release|Any CPU
		{D03BEF6A-616E-4C6B-9FC6-11A26E340DD4}.Debug|Any CPU.ActiveCfg = Debug|Any CPU
		{D03BEF6A-616E-4C6B-9FC6-11A26E340DD4}.Debug|Any CPU.Build.0 = Debug|Any CPU
		{D03BEF6A-616E-4C6B-9FC6-11A26E340DD4}.Release|Any CPU.ActiveCfg = Release|Any CPU
		{D03BEF6A-616E-4C6B-9FC6-11A26E340DD4}.Release|Any CPU.Build.0 = Release|Any CPU
	EndGlobalSection
EndGlobal
